dependencies:
- name: postgresql
  repository: oci://registry-1.docker.io/bitnamicharts
  version: 16.4.5
- name: valkey
  repository: oci://registry-1.docker.io/bitnamicharts
  version: 2.2.4
- name: mariadb
  repository: oci://registry-1.docker.io/bitnamicharts
  version: 20.2.2
digest: sha256:d5e04043d46049ec80aec1eb9e3837a53f0fc8b81c4fa1c7d615631921604ac8
generated: "2025-02-17T02:49:01.990360714Z"
